// !$*UTF8*$!
{
	archiveVersion = 1;
	classes = {
	};
	objectVersion = 46;
	objects = {

/* Begin PBXBuildFile section */
		781BE7F8193F914F0069C297 /* UIView+Extensions.m in Sources */ = {isa = PBXBuildFile; fileRef = 781BE7F7193F914F0069C297 /* UIView+Extensions.m */; };
		781BE7FC194342B60069C297 /* DDPRender.m in Sources */ = {isa = PBXBuildFile; fileRef = 781BE7FB194342B60069C297 /* DDPRender.m */; };
		781BE8031944EC270069C297 /* DDPStatisticCalculator.m in Sources */ = {isa = PBXBuildFile; fileRef = 781BE8021944EC270069C297 /* DDPStatisticCalculator.m */; };
		781BE8071945032C0069C297 /* DDPStatisticCalculatorTests.m in Sources */ = {isa = PBXBuildFile; fileRef = 781BE8061945032C0069C297 /* DDPStatisticCalculatorTests.m */; };
		781BE80F1945F4470069C297 /* NSArray+Slice.m in Sources */ = {isa = PBXBuildFile; fileRef = 781BE80E1945F4470069C297 /* NSArray+Slice.m */; };
		781BE812194678710069C297 /* UIColor+CustomColors.m in Sources */ = {isa = PBXBuildFile; fileRef = 781BE811194678710069C297 /* UIColor+CustomColors.m */; };
		78E858191938D0B1006C2CF0 /* Foundation.framework in Frameworks */ = {isa = PBXBuildFile; fileRef = 78E858181938D0B1006C2CF0 /* Foundation.framework */; };
		78E8581B1938D0B1006C2CF0 /* CoreGraphics.framework in Frameworks */ = {isa = PBXBuildFile; fileRef = 78E8581A1938D0B1006C2CF0 /* CoreGraphics.framework */; };
		78E8581D1938D0B1006C2CF0 /* UIKit.framework in Frameworks */ = {isa = PBXBuildFile; fileRef = 78E8581C1938D0B1006C2CF0 /* UIKit.framework */; };
		78E858231938D0B1006C2CF0 /* InfoPlist.strings in Resources */ = {isa = PBXBuildFile; fileRef = 78E858211938D0B1006C2CF0 /* InfoPlist.strings */; };
		78E858251938D0B1006C2CF0 /* main.m in Sources */ = {isa = PBXBuildFile; fileRef = 78E858241938D0B1006C2CF0 /* main.m */; };
		78E858291938D0B1006C2CF0 /* DDPAppDelegate.m in Sources */ = {isa = PBXBuildFile; fileRef = 78E858281938D0B1006C2CF0 /* DDPAppDelegate.m */; };
		78E8582C1938D0B1006C2CF0 /* Main.storyboard in Resources */ = {isa = PBXBuildFile; fileRef = 78E8582A1938D0B1006C2CF0 /* Main.storyboard */; };
		78E8582F1938D0B1006C2CF0 /* DDPViewController.m in Sources */ = {isa = PBXBuildFile; fileRef = 78E8582E1938D0B1006C2CF0 /* DDPViewController.m */; };
		78E858311938D0B1006C2CF0 /* Images.xcassets in Resources */ = {isa = PBXBuildFile; fileRef = 78E858301938D0B1006C2CF0 /* Images.xcassets */; };
		78E858381938D0B1006C2CF0 /* XCTest.framework in Frameworks */ = {isa = PBXBuildFile; fileRef = 78E858371938D0B1006C2CF0 /* XCTest.framework */; };
		78E858391938D0B1006C2CF0 /* Foundation.framework in Frameworks */ = {isa = PBXBuildFile; fileRef = 78E858181938D0B1006C2CF0 /* Foundation.framework */; };
		78E8583A1938D0B1006C2CF0 /* UIKit.framework in Frameworks */ = {isa = PBXBuildFile; fileRef = 78E8581C1938D0B1006C2CF0 /* UIKit.framework */; };
		78E858421938D0B1006C2CF0 /* InfoPlist.strings in Resources */ = {isa = PBXBuildFile; fileRef = 78E858401938D0B1006C2CF0 /* InfoPlist.strings */; };
		78E858441938D0B1006C2CF0 /* GraphikViewTests.m in Sources */ = {isa = PBXBuildFile; fileRef = 78E858431938D0B1006C2CF0 /* GraphikViewTests.m */; };
		78E858511938D1A2006C2CF0 /* DDPNumberGenerator.m in Sources */ = {isa = PBXBuildFile; fileRef = 78E858501938D1A2006C2CF0 /* DDPNumberGenerator.m */; };
		78E858551938D2B5006C2CF0 /* DDPGraphicView.m in Sources */ = {isa = PBXBuildFile; fileRef = 78E858541938D2B5006C2CF0 /* DDPGraphicView.m */; };
/* End PBXBuildFile section */

/* Begin PBXContainerItemProxy section */
		78E8583B1938D0B1006C2CF0 /* PBXContainerItemProxy */ = {
			isa = PBXContainerItemProxy;
			containerPortal = 78E8580D1938D0B1006C2CF0 /* Project object */;
			proxyType = 1;
			remoteGlobalIDString = 78E858141938D0B1006C2CF0;
			remoteInfo = GraphikView;
		};
/* End PBXContainerItemProxy section */

/* Begin PBXFileReference section */
		781BE7F6193F914F0069C297 /* UIView+Extensions.h */ = {isa = PBXFileReference; fileEncoding = 4; lastKnownFileType = sourcecode.c.h; path = "UIView+Extensions.h"; sourceTree = "<group>"; };
		781BE7F7193F914F0069C297 /* UIView+Extensions.m */ = {isa = PBXFileReference; fileEncoding = 4; lastKnownFileType = sourcecode.c.objc; path = "UIView+Extensions.m"; sourceTree = "<group>"; };
		781BE7FA194342B60069C297 /* DDPRender.h */ = {isa = PBXFileReference; fileEncoding = 4; lastKnownFileType = sourcecode.c.h; path = DDPRender.h; sourceTree = "<group>"; };
		781BE7FB194342B60069C297 /* DDPRender.m */ = {isa = PBXFileReference; fileEncoding = 4; lastKnownFileType = sourcecode.c.objc; path = DDPRender.m; sourceTree = "<group>"; };
		781BE8011944EC270069C297 /* DDPStatisticCalculator.h */ = {isa = PBXFileReference; fileEncoding = 4; lastKnownFileType = sourcecode.c.h; path = DDPStatisticCalculator.h; sourceTree = "<group>"; };
		781BE8021944EC270069C297 /* DDPStatisticCalculator.m */ = {isa = PBXFileReference; fileEncoding = 4; lastKnownFileType = sourcecode.c.objc; path = DDPStatisticCalculator.m; sourceTree = "<group>"; };
		781BE8061945032C0069C297 /* DDPStatisticCalculatorTests.m */ = {isa = PBXFileReference; fileEncoding = 4; lastKnownFileType = sourcecode.c.objc; path = DDPStatisticCalculatorTests.m; sourceTree = "<group>"; };
		781BE80D1945F4470069C297 /* NSArray+Slice.h */ = {isa = PBXFileReference; fileEncoding = 4; lastKnownFileType = sourcecode.c.h; path = "NSArray+Slice.h"; sourceTree = "<group>"; };
		781BE80E1945F4470069C297 /* NSArray+Slice.m */ = {isa = PBXFileReference; fileEncoding = 4; lastKnownFileType = sourcecode.c.objc; path = "NSArray+Slice.m"; sourceTree = "<group>"; };
		781BE810194678710069C297 /* UIColor+CustomColors.h */ = {isa = PBXFileReference; fileEncoding = 4; lastKnownFileType = sourcecode.c.h; path = "UIColor+CustomColors.h"; sourceTree = "<group>"; };
		781BE811194678710069C297 /* UIColor+CustomColors.m */ = {isa = PBXFileReference; fileEncoding = 4; lastKnownFileType = sourcecode.c.objc; path = "UIColor+CustomColors.m"; sourceTree = "<group>"; };
		78E858151938D0B1006C2CF0 /* GraphikView.app */ = {isa = PBXFileReference; explicitFileType = wrapper.application; includeInIndex = 0; path = GraphikView.app; sourceTree = BUILT_PRODUCTS_DIR; };
		78E858181938D0B1006C2CF0 /* Foundation.framework */ = {isa = PBXFileReference; lastKnownFileType = wrapper.framework; name = Foundation.framework; path = System/Library/Frameworks/Foundation.framework; sourceTree = SDKROOT; };
		78E8581A1938D0B1006C2CF0 /* CoreGraphics.framework */ = {isa = PBXFileReference; lastKnownFileType = wrapper.framework; name = CoreGraphics.framework; path = System/Library/Frameworks/CoreGraphics.framework; sourceTree = SDKROOT; };
		78E8581C1938D0B1006C2CF0 /* UIKit.framework */ = {isa = PBXFileReference; lastKnownFileType = wrapper.framework; name = UIKit.framework; path = System/Library/Frameworks/UIKit.framework; sourceTree = SDKROOT; };
		78E858201938D0B1006C2CF0 /* GraphikView-Info.plist */ = {isa = PBXFileReference; lastKnownFileType = text.plist.xml; path = "GraphikView-Info.plist"; sourceTree = "<group>"; };
		78E858221938D0B1006C2CF0 /* en */ = {isa = PBXFileReference; lastKnownFileType = text.plist.strings; name = en; path = en.lproj/InfoPlist.strings; sourceTree = "<group>"; };
		78E858241938D0B1006C2CF0 /* main.m */ = {isa = PBXFileReference; lastKnownFileType = sourcecode.c.objc; path = main.m; sourceTree = "<group>"; };
		78E858261938D0B1006C2CF0 /* GraphikView-Prefix.pch */ = {isa = PBXFileReference; lastKnownFileType = sourcecode.c.h; path = "GraphikView-Prefix.pch"; sourceTree = "<group>"; };
		78E858271938D0B1006C2CF0 /* DDPAppDelegate.h */ = {isa = PBXFileReference; lastKnownFileType = sourcecode.c.h; path = DDPAppDelegate.h; sourceTree = "<group>"; };
		78E858281938D0B1006C2CF0 /* DDPAppDelegate.m */ = {isa = PBXFileReference; lastKnownFileType = sourcecode.c.objc; path = DDPAppDelegate.m; sourceTree = "<group>"; };
		78E8582B1938D0B1006C2CF0 /* Base */ = {isa = PBXFileReference; lastKnownFileType = file.storyboard; name = Base; path = Base.lproj/Main.storyboard; sourceTree = "<group>"; };
		78E8582D1938D0B1006C2CF0 /* DDPViewController.h */ = {isa = PBXFileReference; lastKnownFileType = sourcecode.c.h; path = DDPViewController.h; sourceTree = "<group>"; };
		78E8582E1938D0B1006C2CF0 /* DDPViewController.m */ = {isa = PBXFileReference; lastKnownFileType = sourcecode.c.objc; path = DDPViewController.m; sourceTree = "<group>"; };
		78E858301938D0B1006C2CF0 /* Images.xcassets */ = {isa = PBXFileReference; lastKnownFileType = folder.assetcatalog; path = Images.xcassets; sourceTree = "<group>"; };
		78E858361938D0B1006C2CF0 /* GraphikViewTests.xctest */ = {isa = PBXFileReference; explicitFileType = wrapper.cfbundle; includeInIndex = 0; path = GraphikViewTests.xctest; sourceTree = BUILT_PRODUCTS_DIR; };
		78E858371938D0B1006C2CF0 /* XCTest.framework */ = {isa = PBXFileReference; lastKnownFileType = wrapper.framework; name = XCTest.framework; path = Library/Frameworks/XCTest.framework; sourceTree = DEVELOPER_DIR; };
		78E8583F1938D0B1006C2CF0 /* GraphikViewTests-Info.plist */ = {isa = PBXFileReference; lastKnownFileType = text.plist.xml; path = "GraphikViewTests-Info.plist"; sourceTree = "<group>"; };
		78E858411938D0B1006C2CF0 /* en */ = {isa = PBXFileReference; lastKnownFileType = text.plist.strings; name = en; path = en.lproj/InfoPlist.strings; sourceTree = "<group>"; };
		78E858431938D0B1006C2CF0 /* GraphikViewTests.m */ = {isa = PBXFileReference; lastKnownFileType = sourcecode.c.objc; path = GraphikViewTests.m; sourceTree = "<group>"; };
		78E8584F1938D1A2006C2CF0 /* DDPNumberGenerator.h */ = {isa = PBXFileReference; fileEncoding = 4; lastKnownFileType = sourcecode.c.h; path = DDPNumberGenerator.h; sourceTree = "<group>"; };
		78E858501938D1A2006C2CF0 /* DDPNumberGenerator.m */ = {isa = PBXFileReference; fileEncoding = 4; lastKnownFileType = sourcecode.c.objc; path = DDPNumberGenerator.m; sourceTree = "<group>"; };
		78E858531938D2B5006C2CF0 /* DDPGraphicView.h */ = {isa = PBXFileReference; fileEncoding = 4; lastKnownFileType = sourcecode.c.h; path = DDPGraphicView.h; sourceTree = "<group>"; };
		78E858541938D2B5006C2CF0 /* DDPGraphicView.m */ = {isa = PBXFileReference; fileEncoding = 4; lastKnownFileType = sourcecode.c.objc; path = DDPGraphicView.m; sourceTree = "<group>"; };
/* End PBXFileReference section */

/* Begin PBXFrameworksBuildPhase section */
		78E858121938D0B1006C2CF0 /* Frameworks */ = {
			isa = PBXFrameworksBuildPhase;
			buildActionMask = 2147483647;
			files = (
				78E8581B1938D0B1006C2CF0 /* CoreGraphics.framework in Frameworks */,
				78E8581D1938D0B1006C2CF0 /* UIKit.framework in Frameworks */,
				78E858191938D0B1006C2CF0 /* Foundation.framework in Frameworks */,
			);
			runOnlyForDeploymentPostprocessing = 0;
		};
		78E858331938D0B1006C2CF0 /* Frameworks */ = {
			isa = PBXFrameworksBuildPhase;
			buildActionMask = 2147483647;
			files = (
				78E858381938D0B1006C2CF0 /* XCTest.framework in Frameworks */,
				78E8583A1938D0B1006C2CF0 /* UIKit.framework in Frameworks */,
				78E858391938D0B1006C2CF0 /* Foundation.framework in Frameworks */,
			);
			runOnlyForDeploymentPostprocessing = 0;
		};
/* End PBXFrameworksBuildPhase section */

/* Begin PBXGroup section */
		781BE7F5193F90E70069C297 /* Categories */ = {
			isa = PBXGroup;
			children = (
				781BE7F6193F914F0069C297 /* UIView+Extensions.h */,
				781BE7F7193F914F0069C297 /* UIView+Extensions.m */,
				781BE80D1945F4470069C297 /* NSArray+Slice.h */,
				781BE80E1945F4470069C297 /* NSArray+Slice.m */,
				781BE810194678710069C297 /* UIColor+CustomColors.h */,
				781BE811194678710069C297 /* UIColor+CustomColors.m */,
			);
			name = Categories;
			sourceTree = "<group>";
		};
		781BE7F9194342850069C297 /* Drawer */ = {
			isa = PBXGroup;
			children = (
				781BE7FA194342B60069C297 /* DDPRender.h */,
				781BE7FB194342B60069C297 /* DDPRender.m */,
			);
			name = Drawer;
			sourceTree = "<group>";
		};
		781BE8001944EBA90069C297 /* Calculator */ = {
			isa = PBXGroup;
			children = (
				781BE8011944EC270069C297 /* DDPStatisticCalculator.h */,
				781BE8021944EC270069C297 /* DDPStatisticCalculator.m */,
			);
			name = Calculator;
			sourceTree = "<group>";
		};
		78E8580C1938D0B1006C2CF0 = {
			isa = PBXGroup;
			children = (
				78E8581E1938D0B1006C2CF0 /* GraphikView */,
				78E8583D1938D0B1006C2CF0 /* GraphikViewTests */,
				78E858171938D0B1006C2CF0 /* Frameworks */,
				78E858161938D0B1006C2CF0 /* Products */,
			);
			sourceTree = "<group>";
		};
		78E858161938D0B1006C2CF0 /* Products */ = {
			isa = PBXGroup;
			children = (
				78E858151938D0B1006C2CF0 /* GraphikView.app */,
				78E858361938D0B1006C2CF0 /* GraphikViewTests.xctest */,
			);
			name = Products;
			sourceTree = "<group>";
		};
		78E858171938D0B1006C2CF0 /* Frameworks */ = {
			isa = PBXGroup;
			children = (
				78E858181938D0B1006C2CF0 /* Foundation.framework */,
				78E8581A1938D0B1006C2CF0 /* CoreGraphics.framework */,
				78E8581C1938D0B1006C2CF0 /* UIKit.framework */,
				78E858371938D0B1006C2CF0 /* XCTest.framework */,
			);
			name = Frameworks;
			sourceTree = "<group>";
		};
		78E8581E1938D0B1006C2CF0 /* GraphikView */ = {
			isa = PBXGroup;
			children = (
				781BE7F9194342850069C297 /* Drawer */,
				781BE7F5193F90E70069C297 /* Categories */,
				78E858521938D283006C2CF0 /* View */,
				78E8584D1938D0EB006C2CF0 /* Model */,
				78E858271938D0B1006C2CF0 /* DDPAppDelegate.h */,
				78E858281938D0B1006C2CF0 /* DDPAppDelegate.m */,
				78E8582A1938D0B1006C2CF0 /* Main.storyboard */,
				78E8582D1938D0B1006C2CF0 /* DDPViewController.h */,
				78E8582E1938D0B1006C2CF0 /* DDPViewController.m */,
				78E858301938D0B1006C2CF0 /* Images.xcassets */,
				78E8581F1938D0B1006C2CF0 /* Supporting Files */,
			);
			path = GraphikView;
			sourceTree = "<group>";
		};
		78E8581F1938D0B1006C2CF0 /* Supporting Files */ = {
			isa = PBXGroup;
			children = (
				78E858201938D0B1006C2CF0 /* GraphikView-Info.plist */,
				78E858211938D0B1006C2CF0 /* InfoPlist.strings */,
				78E858241938D0B1006C2CF0 /* main.m */,
				78E858261938D0B1006C2CF0 /* GraphikView-Prefix.pch */,
			);
			name = "Supporting Files";
			sourceTree = "<group>";
		};
		78E8583D1938D0B1006C2CF0 /* GraphikViewTests */ = {
			isa = PBXGroup;
			children = (
				78E858431938D0B1006C2CF0 /* GraphikViewTests.m */,
				781BE8061945032C0069C297 /* DDPStatisticCalculatorTests.m */,
				78E8583E1938D0B1006C2CF0 /* Supporting Files */,
			);
			path = GraphikViewTests;
			sourceTree = "<group>";
		};
		78E8583E1938D0B1006C2CF0 /* Supporting Files */ = {
			isa = PBXGroup;
			children = (
				78E8583F1938D0B1006C2CF0 /* GraphikViewTests-Info.plist */,
				78E858401938D0B1006C2CF0 /* InfoPlist.strings */,
			);
			name = "Supporting Files";
			sourceTree = "<group>";
		};
		78E8584D1938D0EB006C2CF0 /* Model */ = {
			isa = PBXGroup;
			children = (
				781BE8001944EBA90069C297 /* Calculator */,
				78E8584E1938D0F7006C2CF0 /* NumberGenerator */,
			);
			name = Model;
			sourceTree = "<group>";
		};
		78E8584E1938D0F7006C2CF0 /* NumberGenerator */ = {
			isa = PBXGroup;
			children = (
				78E8584F1938D1A2006C2CF0 /* DDPNumberGenerator.h */,
				78E858501938D1A2006C2CF0 /* DDPNumberGenerator.m */,
			);
			name = NumberGenerator;
			sourceTree = "<group>";
		};
		78E858521938D283006C2CF0 /* View */ = {
			isa = PBXGroup;
			children = (
				78E858531938D2B5006C2CF0 /* DDPGraphicView.h */,
				78E858541938D2B5006C2CF0 /* DDPGraphicView.m */,
			);
			name = View;
			sourceTree = "<group>";
		};
/* End PBXGroup section */

/* Begin PBXNativeTarget section */
		78E858141938D0B1006C2CF0 /* GraphikView */ = {
			isa = PBXNativeTarget;
			buildConfigurationList = 78E858471938D0B1006C2CF0 /* Build configuration list for PBXNativeTarget "GraphikView" */;
			buildPhases = (
				78E858111938D0B1006C2CF0 /* Sources */,
				78E858121938D0B1006C2CF0 /* Frameworks */,
				78E858131938D0B1006C2CF0 /* Resources */,
			);
			buildRules = (
			);
			dependencies = (
			);
			name = GraphikView;
			productName = GraphikView;
			productReference = 78E858151938D0B1006C2CF0 /* GraphikView.app */;
			productType = "com.apple.product-type.application";
		};
		78E858351938D0B1006C2CF0 /* GraphikViewTests */ = {
			isa = PBXNativeTarget;
			buildConfigurationList = 78E8584A1938D0B1006C2CF0 /* Build configuration list for PBXNativeTarget "GraphikViewTests" */;
			buildPhases = (
				78E858321938D0B1006C2CF0 /* Sources */,
				78E858331938D0B1006C2CF0 /* Frameworks */,
				78E858341938D0B1006C2CF0 /* Resources */,
			);
			buildRules = (
			);
			dependencies = (
				78E8583C1938D0B1006C2CF0 /* PBXTargetDependency */,
			);
			name = GraphikViewTests;
			productName = GraphikViewTests;
			productReference = 78E858361938D0B1006C2CF0 /* GraphikViewTests.xctest */;
			productType = "com.apple.product-type.bundle.unit-test";
		};
/* End PBXNativeTarget section */

/* Begin PBXProject section */
		78E8580D1938D0B1006C2CF0 /* Project object */ = {
			isa = PBXProject;
			attributes = {
				CLASSPREFIX = DDP;
				LastUpgradeCheck = 0500;
				ORGANIZATIONNAME = "Delyana Todorova";
				TargetAttributes = {
					78E858351938D0B1006C2CF0 = {
						TestTargetID = 78E858141938D0B1006C2CF0;
					};
				};
			};
			buildConfigurationList = 78E858101938D0B1006C2CF0 /* Build configuration list for PBXProject "GraphikView" */;
			compatibilityVersion = "Xcode 3.2";
			developmentRegion = English;
			hasScannedForEncodings = 0;
			knownRegions = (
				en,
				Base,
			);
			mainGroup = 78E8580C1938D0B1006C2CF0;
			productRefGroup = 78E858161938D0B1006C2CF0 /* Products */;
			projectDirPath = "";
			projectRoot = "";
			targets = (
				78E858141938D0B1006C2CF0 /* GraphikView */,
				78E858351938D0B1006C2CF0 /* GraphikViewTests */,
			);
		};
/* End PBXProject section */

/* Begin PBXResourcesBuildPhase section */
		78E858131938D0B1006C2CF0 /* Resources */ = {
			isa = PBXResourcesBuildPhase;
			buildActionMask = 2147483647;
			files = (
				78E858311938D0B1006C2CF0 /* Images.xcassets in Resources */,
				78E858231938D0B1006C2CF0 /* InfoPlist.strings in Resources */,
				78E8582C1938D0B1006C2CF0 /* Main.storyboard in Resources */,
			);
			runOnlyForDeploymentPostprocessing = 0;
		};
		78E858341938D0B1006C2CF0 /* Resources */ = {
			isa = PBXResourcesBuildPhase;
			buildActionMask = 2147483647;
			files = (
				78E858421938D0B1006C2CF0 /* InfoPlist.strings in Resources */,
			);
			runOnlyForDeploymentPostprocessing = 0;
		};
/* End PBXResourcesBuildPhase section */

/* Begin PBXSourcesBuildPhase section */
		78E858111938D0B1006C2CF0 /* Sources */ = {
			isa = PBXSourcesBuildPhase;
			buildActionMask = 2147483647;
			files = (
				78E858551938D2B5006C2CF0 /* DDPGraphicView.m in Sources */,
				781BE8031944EC270069C297 /* DDPStatisticCalculator.m in Sources */,
				781BE812194678710069C297 /* UIColor+CustomColors.m in Sources */,
				78E8582F1938D0B1006C2CF0 /* DDPViewController.m in Sources */,
				78E858251938D0B1006C2CF0 /* main.m in Sources */,
				781BE7FC194342B60069C297 /* DDPRender.m in Sources */,
				78E858291938D0B1006C2CF0 /* DDPAppDelegate.m in Sources */,
				781BE7F8193F914F0069C297 /* UIView+Extensions.m in Sources */,
				781BE80F1945F4470069C297 /* NSArray+Slice.m in Sources */,
				78E858511938D1A2006C2CF0 /* DDPNumberGenerator.m in Sources */,
			);
			runOnlyForDeploymentPostprocessing = 0;
		};
		78E858321938D0B1006C2CF0 /* Sources */ = {
			isa = PBXSourcesBuildPhase;
			buildActionMask = 2147483647;
			files = (
				78E858441938D0B1006C2CF0 /* GraphikViewTests.m in Sources */,
				781BE8071945032C0069C297 /* DDPStatisticCalculatorTests.m in Sources */,
			);
			runOnlyForDeploymentPostprocessing = 0;
		};
/* End PBXSourcesBuildPhase section */

/* Begin PBXTargetDependency section */
		78E8583C1938D0B1006C2CF0 /* PBXTargetDependency */ = {
			isa = PBXTargetDependency;
			target = 78E858141938D0B1006C2CF0 /* GraphikView */;
			targetProxy = 78E8583B1938D0B1006C2CF0 /* PBXContainerItemProxy */;
		};
/* End PBXTargetDependency section */

/* Begin PBXVariantGroup section */
		78E858211938D0B1006C2CF0 /* InfoPlist.strings */ = {
			isa = PBXVariantGroup;
			children = (
				78E858221938D0B1006C2CF0 /* en */,
			);
			name = InfoPlist.strings;
			sourceTree = "<group>";
		};
		78E8582A1938D0B1006C2CF0 /* Main.storyboard */ = {
			isa = PBXVariantGroup;
			children = (
				78E8582B1938D0B1006C2CF0 /* Base */,
			);
			name = Main.storyboard;
			sourceTree = "<group>";
		};
		78E858401938D0B1006C2CF0 /* InfoPlist.strings */ = {
			isa = PBXVariantGroup;
			children = (
				78E858411938D0B1006C2CF0 /* en */,
			);
			name = InfoPlist.strings;
			sourceTree = "<group>";
		};
/* End PBXVariantGroup section */

/* Begin XCBuildConfiguration section */
		78E858451938D0B1006C2CF0 /* Debug */ = {
			isa = XCBuildConfiguration;
			buildSettings = {
				ALWAYS_SEARCH_USER_PATHS = NO;
				ARCHS = "$(ARCHS_STANDARD_INCLUDING_64_BIT)";
				CLANG_CXX_LANGUAGE_STANDARD = "gnu++0x";
				CLANG_CXX_LIBRARY = "libc++";
				CLANG_ENABLE_MODULES = YES;
				CLANG_ENABLE_OBJC_ARC = YES;
				CLANG_WARN_BOOL_CONVERSION = YES;
				CLANG_WARN_CONSTANT_CONVERSION = YES;
				CLANG_WARN_DIRECT_OBJC_ISA_USAGE = YES_ERROR;
				CLANG_WARN_EMPTY_BODY = YES;
				CLANG_WARN_ENUM_CONVERSION = YES;
				CLANG_WARN_INT_CONVERSION = YES;
				CLANG_WARN_OBJC_ROOT_CLASS = YES_ERROR;
				CLANG_WARN__DUPLICATE_METHOD_MATCH = YES;
				"CODE_SIGN_IDENTITY[sdk=iphoneos*]" = "iPhone Developer";
				COPY_PHASE_STRIP = NO;
				GCC_C_LANGUAGE_STANDARD = gnu99;
				GCC_DYNAMIC_NO_PIC = NO;
				GCC_OPTIMIZATION_LEVEL = 0;
				GCC_PREPROCESSOR_DEFINITIONS = (
					"DEBUG=1",
					"$(inherited)",
				);
				GCC_SYMBOLS_PRIVATE_EXTERN = NO;
				GCC_WARN_64_TO_32_BIT_CONVERSION = YES;
				GCC_WARN_ABOUT_RETURN_TYPE = YES_ERROR;
				GCC_WARN_UNDECLARED_SELECTOR = YES;
				GCC_WARN_UNINITIALIZED_AUTOS = YES;
				GCC_WARN_UNUSED_FUNCTION = YES;
				GCC_WARN_UNUSED_VARIABLE = YES;
				IPHONEOS_DEPLOYMENT_TARGET = 7.0;
				ONLY_ACTIVE_ARCH = YES;
				SDKROOT = iphoneos;
			};
			name = Debug;
		};
		78E858461938D0B1006C2CF0 /* Release */ = {
			isa = XCBuildConfiguration;
			buildSettings = {
				ALWAYS_SEARCH_USER_PATHS = NO;
				ARCHS = "$(ARCHS_STANDARD_INCLUDING_64_BIT)";
				CLANG_CXX_LANGUAGE_STANDARD = "gnu++0x";
				CLANG_CXX_LIBRARY = "libc++";
				CLANG_ENABLE_MODULES = YES;
				CLANG_ENABLE_OBJC_ARC = YES;
				CLANG_WARN_BOOL_CONVERSION = YES;
				CLANG_WARN_CONSTANT_CONVERSION = YES;
				CLANG_WARN_DIRECT_OBJC_ISA_USAGE = YES_ERROR;
				CLANG_WARN_EMPTY_BODY = YES;
				CLANG_WARN_ENUM_CONVERSION = YES;
				CLANG_WARN_INT_CONVERSION = YES;
				CLANG_WARN_OBJC_ROOT_CLASS = YES_ERROR;
				CLANG_WARN__DUPLICATE_METHOD_MATCH = YES;
				"CODE_SIGN_IDENTITY[sdk=iphoneos*]" = "iPhone Developer";
				COPY_PHASE_STRIP = YES;
				ENABLE_NS_ASSERTIONS = NO;
				GCC_C_LANGUAGE_STANDARD = gnu99;
				GCC_WARN_64_TO_32_BIT_CONVERSION = YES;
				GCC_WARN_ABOUT_RETURN_TYPE = YES_ERROR;
				GCC_WARN_UNDECLARED_SELECTOR = YES;
				GCC_WARN_UNINITIALIZED_AUTOS = YES;
				GCC_WARN_UNUSED_FUNCTION = YES;
				GCC_WARN_UNUSED_VARIABLE = YES;
				IPHONEOS_DEPLOYMENT_TARGET = 7.0;
				SDKROOT = iphoneos;
				VALIDATE_PRODUCT = YES;
			};
			name = Release;
		};
		78E858481938D0B1006C2CF0 /* Debug */ = {
			isa = XCBuildConfiguration;
			buildSettings = {
				ASSETCATALOG_COMPILER_APPICON_NAME = AppIcon;
				ASSETCATALOG_COMPILER_LAUNCHIMAGE_NAME = LaunchImage;
				GCC_PRECOMPILE_PREFIX_HEADER = YES;
				GCC_PREFIX_HEADER = "GraphikView/GraphikView-Prefix.pch";
				INFOPLIST_FILE = "GraphikView/GraphikView-Info.plist";
				PRODUCT_NAME = "$(TARGET_NAME)";
				WRAPPER_EXTENSION = app;
			};
			name = Debug;
		};
		78E858491938D0B1006C2CF0 /* Release */ = {
			isa = XCBuildConfiguration;
			buildSettings = {
				ASSETCATALOG_COMPILER_APPICON_NAME = AppIcon;
				ASSETCATALOG_COMPILER_LAUNCHIMAGE_NAME = LaunchImage;
				GCC_PRECOMPILE_PREFIX_HEADER = YES;
				GCC_PREFIX_HEADER = "GraphikView/GraphikView-Prefix.pch";
				INFOPLIST_FILE = "GraphikView/GraphikView-Info.plist";
				PRODUCT_NAME = "$(TARGET_NAME)";
				WRAPPER_EXTENSION = app;
			};
			name = Release;
		};
		78E8584B1938D0B1006C2CF0 /* Debug */ = {
			isa = XCBuildConfiguration;
			buildSettings = {
				ARCHS = "$(ARCHS_STANDARD_INCLUDING_64_BIT)";
				BUNDLE_LOADER = "$(BUILT_PRODUCTS_DIR)/GraphikView.app/GraphikView";
				FRAMEWORK_SEARCH_PATHS = (
					"$(SDKROOT)/Developer/Library/Frameworks",
					"$(inherited)",
					"$(DEVELOPER_FRAMEWORKS_DIR)",
				);
				GCC_PRECOMPILE_PREFIX_HEADER = YES;
				GCC_PREFIX_HEADER = "GraphikView/GraphikView-Prefix.pch";
				GCC_PREPROCESSOR_DEFINITIONS = (
					"DEBUG=1",
					"$(inherited)",
				);
				INFOPLIST_FILE = "GraphikViewTests/GraphikViewTests-Info.plist";
				PRODUCT_NAME = "$(TARGET_NAME)";
				TEST_HOST = "$(BUNDLE_LOADER)";
				WRAPPER_EXTENSION = xctest;
			};
			name = Debug;
		};
		78E8584C1938D0B1006C2CF0 /* Release */ = {
			isa = XCBuildConfiguration;
			buildSettings = {
				ARCHS = "$(ARCHS_STANDARD_INCLUDING_64_BIT)";
				BUNDLE_LOADER = "$(BUILT_PRODUCTS_DIR)/GraphikView.app/GraphikView";
				FRAMEWORK_SEARCH_PATHS = (
					"$(SDKROOT)/Developer/Library/Frameworks",
					"$(inherited)",
					"$(DEVELOPER_FRAMEWORKS_DIR)",
				);
				GCC_PRECOMPILE_PREFIX_HEADER = YES;
				GCC_PREFIX_HEADER = "GraphikView/GraphikView-Prefix.pch";
				INFOPLIST_FILE = "GraphikViewTests/GraphikViewTests-Info.plist";
				PRODUCT_NAME = "$(TARGET_NAME)";
				TEST_HOST = "$(BUNDLE_LOADER)";
				WRAPPER_EXTENSION = xctest;
			};
			name = Release;
		};
/* End XCBuildConfiguration section */

/* Begin XCConfigurationList section */
		78E858101938D0B1006C2CF0 /* Build configuration list for PBXProject "GraphikView" */ = {
			isa = XCConfigurationList;
			buildConfigurations = (
				78E858451938D0B1006C2CF0 /* Debug */,
				78E858461938D0B1006C2CF0 /* Release */,
			);
			defaultConfigurationIsVisible = 0;
			defaultConfigurationName = Release;
		};
		78E858471938D0B1006C2CF0 /* Build configuration list for PBXNativeTarget "GraphikView" */ = {
			isa = XCConfigurationList;
			buildConfigurations = (
				78E858481938D0B1006C2CF0 /* Debug */,
				78E858491938D0B1006C2CF0 /* Release */,
			);
			defaultConfigurationIsVisible = 0;
			defaultConfigurationName = Release;
		};
		78E8584A1938D0B1006C2CF0 /* Build configuration list for PBXNativeTarget "GraphikViewTests" */ = {
			isa = XCConfigurationList;
			buildConfigurations = (
				78E8584B1938D0B1006C2CF0 /* Debug */,
				78E8584C1938D0B1006C2CF0 /* Release */,
			);
			defaultConfigurationIsVisible = 0;
			defaultConfigurationName = Release;
		};
/* End XCConfigurationList section */
	};
	rootObject = 78E8580D1938D0B1006C2CF0 /* Project object */;
}
